{
  "name": "@bitcoin-api.io/common-general",
  "version": "1.0.4",
  "lockfileVersion": 1,
  "requires": true,
  "dependencies": {
    "orgasm": {
      "version": "1.0.4",
      "resolved": "https://registry.npmjs.org/orgasm/-/orgasm-1.0.4.tgz",
      "integrity": "sha512-mRPUPNxM2llyAw5SHxiTHp4JvvpraV+WfrN0wOWZYbKrDM3j6R5k2LMZcd8fzKWtUr1Y4ulHF9uMcQLfNdYwjw=="
    }
  }
}
