{
  "name": "@bitcoin-api.io/common-private",
  "version": "25.2.0",
  "lockfileVersion": 1,
  "requires": true,
  "dependencies": {
    "@bitcoin-api.io/common-general": {
      "version": "1.0.4",
      "resolved": "https://registry.npmjs.org/@bitcoin-api.io/common-general/-/common-general-1.0.4.tgz",
      "integrity": "sha512-xoLz72j7QCEjALBrkP7IUziFAA1ZuYOYYtGvnDAafx++Tap86wZM7/n4O9Q263nAEQG/Fs4ENao2yT34lfVt1Q==",
      "requires": {
        "orgasm": "^1.0.3"
      },
      "dependencies": {
        "orgasm": {
          "version": "1.0.4",
          "resolved": "https://registry.npmjs.org/orgasm/-/orgasm-1.0.4.tgz",
          "integrity": "sha512-mRPUPNxM2llyAw5SHxiTHp4JvvpraV+WfrN0wOWZYbKrDM3j6R5k2LMZcd8fzKWtUr1Y4ulHF9uMcQLfNdYwjw=="
        }
      }
    }
  }
}
