{
  "name": "@bitcoin-api.io/common-private",
  "version": "25.2.0",
  "lockfileVersion": 1,
  "requires": true,
  "dependencies": {
    "@bitcoin-api.io/common-general": {
      "version": "1.0.4",
      "resolved": "https://registry.npmjs.org/@bitcoin-api.io/common-general/-/common-general-1.0.4.tgz",
      "integrity": "sha512-xoLz72j7QCEjALBrkP7IUziFAA1ZuYOYYtGvnDAafx++Tap86wZM7/n4O9Q263nAEQG/Fs4ENao2yT34lfVt1Q==",
      "requires": {
        "orgasm": "^1.0.3"
      },
      "dependencies": {
        "orgasm": {
          "version": "1.0.4",
          "resolved": "https://registry.npmjs.org/orgasm/-/orgasm-1.0.4.tgz",
          "integrity": "sha512-mRPUPNxM2llyAw5SHxiTHp4JvvpraV+WfrN0wOWZYbKrDM3j6R5k2LMZcd8fzKWtUr1Y4ulHF9uMcQLfNdYwjw=="
        }
      }
    },
    "@bitcoin-api.io/redis-streams-utils": {
      "version": "1.0.1",
      "resolved": "https://registry.npmjs.org/@bitcoin-api.io/redis-streams-utils/-/redis-streams-utils-1.0.1.tgz",
      "integrity": "sha512-7d1X0RuJ2ztxbG8XsePlJkG7UI3fonpYu3YO3GRO06oqnd+cb95Ze9NCGvY9EVqaeHYeVGzoFC79hdUWTgDiIw==",
      "requires": {
        "do-redis-request": "^1.0.5"
      }
    },
    "denque": {
      "version": "1.4.1",
      "resolved": "https://registry.npmjs.org/denque/-/denque-1.4.1.tgz",
      "integrity": "sha512-OfzPuSZKGcgr96rf1oODnfjqBFmr1DVoc/TrItj3Ohe0Ah1C5WX5Baquw/9U9KovnQ88EqmJbD66rKYUQYN1tQ=="
    },
    "do-redis-request": {
      "version": "1.0.5",
      "resolved": "https://registry.npmjs.org/do-redis-request/-/do-redis-request-1.0.5.tgz",
      "integrity": "sha512-kTNL5HxIwkkLIQYVyUREnTGydZvPon+HMHQRInYbPSkOkrSZB2muYvppRx/4tY4/FSJRP+rUZosWlxAgla/f+Q=="
    },
    "drf": {
      "version": "1.0.6",
      "resolved": "https://registry.npmjs.org/drf/-/drf-1.0.6.tgz",
      "integrity": "sha512-i8WRSWBMGi6/Tr26bpTnk6zWJavU6hm795njyR0tFWFbtDoRQj7stW5j9X2Qhs8XociHRYrnJDwJ0wtP4cSlCw==",
      "requires": {
        "get-redis-client": "^1.0.1"
      }
    },
    "drq": {
      "version": "2.0.6",
      "resolved": "https://registry.npmjs.org/drq/-/drq-2.0.6.tgz",
      "integrity": "sha512-liuN+95F521N9xLSJdlmkQrUtsDy2OUU7mXnVFYo0Tgcnxgb/Rr1/K7eGLc5YlXrXieXb7uJFkk8m+CioR4xaQ==",
      "requires": {
        "@bitcoin-api.io/redis-streams-utils": "^1.0.0",
        "do-redis-request": "^1.0.5",
        "get-redis-client": "^1.0.4",
        "uuid": "^8.2.0"
      },
      "dependencies": {
        "uuid": {
          "version": "8.2.0",
          "resolved": "https://registry.npmjs.org/uuid/-/uuid-8.2.0.tgz",
          "integrity": "sha512-CYpGiFTUrmI6OBMkAdjSDM0k5h8SkkiTP4WAjQgDgNB1S3Ou9VBEvr6q0Kv2H1mMk7IWfxYGpMH5sd5AvcIV2Q=="
        }
      }
    },
    "get-redis-client": {
      "version": "1.0.4",
      "resolved": "https://registry.npmjs.org/get-redis-client/-/get-redis-client-1.0.4.tgz",
      "integrity": "sha512-So5nss5ykKqhq7YaERucwduU/ypkiNptUzfWi6Xqe542fT9Ab5kyK0Gx1rU4aC2Cer28/G8hP6uD9KeRRl4llQ==",
      "requires": {
        "redis": "^3.0.2"
      },
      "dependencies": {
        "redis": {
          "version": "3.0.2",
          "resolved": "https://registry.npmjs.org/redis/-/redis-3.0.2.tgz",
          "integrity": "sha512-PNhLCrjU6vKVuMOyFu7oSP296mwBkcE6lrAjruBYG5LgdSqtRBoVQIylrMyVZD/lkF24RSNNatzvYag6HRBHjQ==",
          "requires": {
            "denque": "^1.4.1",
            "redis-commands": "^1.5.0",
            "redis-errors": "^1.2.0",
            "redis-parser": "^3.0.0"
          }
        }
      }
    },
    "redis-commands": {
      "version": "1.5.0",
      "resolved": "https://registry.npmjs.org/redis-commands/-/redis-commands-1.5.0.tgz",
      "integrity": "sha512-6KxamqpZ468MeQC3bkWmCB1fp56XL64D4Kf0zJSwDZbVLLm7KFkoIcHrgRvQ+sk8dnhySs7+yBg94yIkAK7aJg=="
    },
    "redis-errors": {
      "version": "1.2.0",
      "resolved": "https://registry.npmjs.org/redis-errors/-/redis-errors-1.2.0.tgz",
      "integrity": "sha1-62LSrbFeTq9GEMBK/hUpOEJQq60="
    },
    "redis-parser": {
      "version": "3.0.0",
      "resolved": "https://registry.npmjs.org/redis-parser/-/redis-parser-3.0.0.tgz",
      "integrity": "sha1-tm2CjNyv5rS4pCin3vTGvKwxyLQ=",
      "requires": {
        "redis-errors": "^1.0.0"
      }
    }
  }
}
